
Microsoft Visual Studio Solution File, Format Version 12.00
# Visual Studio Version 16
VisualStudioVersion = 16.0.31613.86
MinimumVisualStudioVersion = 10.0.40219.1
Project("{FAE04EC0-301F-11D3-BF4B-00C04F79EFBC}") = "TP3Lab3", "TP3Lab3.csproj", "{1FCC6D5C-EE06-4888-9604-452AB26C20F0}"
EndProject
Global
	GlobalSection(SolutionConfigurationPlatforms) = preSolution
		Debug|Any CPU = Debug|Any CPU
		Release|Any CPU = Release|Any CPU
	EndGlobalSection
	GlobalSection(ProjectConfigurationPlatforms) = postSolution
		{1FCC6D5C-EE06-4888-9604-452AB26C20F0}.Debug|Any CPU.ActiveCfg = Debug|Any CPU
		{1FCC6D5C-EE06-4888-9604-452AB26C20F0}.Debug|Any CPU.Build.0 = Debug|Any CPU
		{1FCC6D5C-EE06-4888-9604-452AB26C20F0}.Release|Any CPU.ActiveCfg = Release|Any CPU
		{1FCC6D5C-EE06-4888-9604-452AB26C20F0}.Release|Any CPU.Build.0 = Release|Any CPU
	EndGlobalSection
	GlobalSection(SolutionProperties) = preSolution
		HideSolutionNode = FALSE
	EndGlobalSection
	GlobalSection(ExtensibilityGlobals) = postSolution
		SolutionGuid = {92457363-FE5F-422D-BA13-E8F6B00E4FFC}
	EndGlobalSection
EndGlobal
